
Microsoft Visual Studio Solution File, Format Version 12.00
# Visual Studio Version 16
VisualStudioVersion = 16.0.30413.136
MinimumVisualStudioVersion = 10.0.40219.1
Project("{9A19103F-16F7-4668-BE54-9A1E7A4F7556}") = "Lektion-2", "Lektion-2\Lektion-2.csproj", "{7D32B0CA-98CE-4B0E-A9C7-A9384FDA21E5}"
EndProject
Project("{9A19103F-16F7-4668-BE54-9A1E7A4F7556}") = "Lektion-3-Exercise-1", "Lektion-3-Exercise-1\Lektion-3-Exercise-1.csproj", "{6A16F5D8-0F45-4B45-86EC-D13B3881C483}"
EndProject
Project("{9A19103F-16F7-4668-BE54-9A1E7A4F7556}") = "Lektion-3-Exercise-2", "Lektion-3-Exercise-2\Lektion-3-Exercise-2.csproj", "{152C849B-1140-42AC-A756-5CCAAA03E48D}"
EndProject
Project("{9A19103F-16F7-4668-BE54-9A1E7A4F7556}") = "Lektion-3-Exercise-3", "Lektion-3-Exercise-3\Lektion-3-Exercise-3.csproj", "{AAE1E7EF-D627-48B5-A74B-F407A702A4F9}"
EndProject
Project("{9A19103F-16F7-4668-BE54-9A1E7A4F7556}") = "Lektion-3-Exercise-4", "Lektion-3-Exercise-4\Lektion-3-Exercise-4.csproj", "{82B657BF-1B3A-4A15-AC49-4DE56362E22C}"
EndProject
Project("{9A19103F-16F7-4668-BE54-9A1E7A4F7556}") = "Lektion-3-Exercise-5", "Lektion-3-Exercise-5\Lektion-3-Exercise-5.csproj", "{E0B75E1C-1163-446B-B668-50098ADA8FB8}"
EndProject
Project("{9A19103F-16F7-4668-BE54-9A1E7A4F7556}") = "Lektion-3-Exercise-6", "Lektion-3-Exercise-6\Lektion-3-Exercise-6.csproj", "{9BD18D73-303B-44FE-88E2-D98848993577}"
EndProject
Project("{2150E333-8FDC-42A3-9474-1A3956D46DE8}") = "Lektion-3", "Lektion-3", "{62267839-088C-4B88-B1CE-C408D010925C}"
EndProject
Project("{9A19103F-16F7-4668-BE54-9A1E7A4F7556}") = "Lektion-3-Exercise-7", "Lektion-3-Exercise-7\Lektion-3-Exercise-7.csproj", "{74DEFA3E-6942-4F9F-893D-8E3EF6461697}"
EndProject
Project("{2150E333-8FDC-42A3-9474-1A3956D46DE8}") = "Lektion-4", "Lektion-4", "{C180DB4D-F03F-4408-859E-B55A333F8453}"
EndProject
Project("{9A19103F-16F7-4668-BE54-9A1E7A4F7556}") = "Lektion-4-Exercise-1", "Lektion-4-Exercise-1\Lektion-4-Exercise-1.csproj", "{4E4944CE-6F27-4408-A56D-9E79D28B1D4F}"
EndProject
Project("{2150E333-8FDC-42A3-9474-1A3956D46DE8}") = "Lektion-2-temp", "Lektion-2-temp", "{2D683908-900C-4848-AF70-0CD829FC8EA3}"
EndProject
Project("{9A19103F-16F7-4668-BE54-9A1E7A4F7556}") = "Lektion-4-Exercise-2", "Lektion-4-Exercise-2\Lektion-4-Exercise-2.csproj", "{086C87EE-096B-429C-865B-C2D230DF06B0}"
EndProject
Project("{9A19103F-16F7-4668-BE54-9A1E7A4F7556}") = "Lektion-4-Exercise-3", "Lektion-4-Exercise-3\Lektion-4-Exercise-3.csproj", "{4DA1EC42-C485-43FB-9EEB-6C3539F70DCC}"
EndProject
Project("{9A19103F-16F7-4668-BE54-9A1E7A4F7556}") = "Lektion-4-Exercise-4", "Lektion-4-Exercise-4\Lektion-4-Exercise-4.csproj", "{C5E9B4FF-D2C2-4A65-A1F9-C8F7EAACD8F1}"
EndProject
Project("{9A19103F-16F7-4668-BE54-9A1E7A4F7556}") = "Lektion-4-Exercise-5", "Lektion-4-Exercise-5\Lektion-4-Exercise-5.csproj", "{CFE7D2B8-DA14-47DB-90BA-FE04B214849C}"
EndProject
Project("{9A19103F-16F7-4668-BE54-9A1E7A4F7556}") = "Lektion-4-Exercise-6", "Lektion-4-Exercise-6\Lektion-4-Exercise-6.csproj", "{ECE618B5-EEB8-4C53-A7FD-78F0EF743CED}"
EndProject
Project("{9A19103F-16F7-4668-BE54-9A1E7A4F7556}") = "Lektion-4-Exercise-7", "Lektion-4-Exercise-7\Lektion-4-Exercise-7.csproj", "{980D95BD-687B-4E74-A598-2FA9BE598E90}"
EndProject
Project("{2150E333-8FDC-42A3-9474-1A3956D46DE8}") = "Lektion-5", "Lektion-5", "{507915C2-735D-4C6A-8188-E7976799AC65}"
EndProject
Project("{9A19103F-16F7-4668-BE54-9A1E7A4F7556}") = "Lektion-5-Exercise-1", "Lektion-5-Exercise-1\Lektion-5-Exercise-1.csproj", "{54BE7958-836C-488D-BEBB-FA29BEAE6846}"
EndProject
Project("{9A19103F-16F7-4668-BE54-9A1E7A4F7556}") = "Lektion-5-Exercise-2", "Lektion-5-Exercise-2\Lektion-5-Exercise-2.csproj", "{B9D6567B-57B6-432C-A80A-B24AB701EF04}"
EndProject
Project("{9A19103F-16F7-4668-BE54-9A1E7A4F7556}") = "Lektion-5-Exercise-3", "Lektion-5-Exercise-3\Lektion-5-Exercise-3.csproj", "{A5A83C9B-0D05-4A37-A47B-D5F63F87D77D}"
EndProject
Project("{9A19103F-16F7-4668-BE54-9A1E7A4F7556}") = "Lektion-5-Exercise-4", "Lektion-5-Exercise-4\Lektion-5-Exercise-4.csproj", "{31461100-D6EA-459A-9AA6-93632FF26E1C}"
EndProject
Project("{9A19103F-16F7-4668-BE54-9A1E7A4F7556}") = "Lektion-5-Exercise-5", "Lektion-5-Exercise-5\Lektion-5-Exercise-5.csproj", "{6C92D46C-80F0-4940-BFBB-88C9E6243B76}"
EndProject
Project("{9A19103F-16F7-4668-BE54-9A1E7A4F7556}") = "Lektion-5-Exercise-6", "Lektion-5-Exercise-6\Lektion-5-Exercise-6.csproj", "{61FC178B-3CAD-4889-A830-A476E063BC5D}"
EndProject
Project("{9A19103F-16F7-4668-BE54-9A1E7A4F7556}") = "Lektion-5-Exercise-7", "Lektion-5-Exercise-7\Lektion-5-Exercise-7.csproj", "{039F6BD8-4565-43E3-886A-1BAA95DF02E9}"
EndProject
Project("{9A19103F-16F7-4668-BE54-9A1E7A4F7556}") = "Lektion-5-Exercise-8", "Lektion-5-Exercise-8\Lektion-5-Exercise-8.csproj", "{7C45FEA6-3795-4359-A1D7-6BF825C2ECC7}"
EndProject
Project("{9A19103F-16F7-4668-BE54-9A1E7A4F7556}") = "Lektion-5-Exercise-Arrays-1", "Lektion-5-Exercise-Arrays-1\Lektion-5-Exercise-Arrays-1.csproj", "{1D750CE7-A118-4B6A-9766-5C21E39EAE35}"
EndProject
Project("{2150E333-8FDC-42A3-9474-1A3956D46DE8}") = "eBook", "eBook", "{7398174C-C47B-47F1-B640-DD96BAEE603F}"
EndProject
Project("{2150E333-8FDC-42A3-9474-1A3956D46DE8}") = "Paper Book", "Paper Book", "{74367F3C-DAFF-4AC2-8D7E-DE62536F42A5}"
EndProject
Project("{2150E333-8FDC-42A3-9474-1A3956D46DE8}") = "eBook", "eBook", "{399105AE-4069-4D08-B58F-F1A51B018DC0}"
EndProject
Project("{2150E333-8FDC-42A3-9474-1A3956D46DE8}") = "Paper Book", "Paper Book", "{CCEF6C9D-9E6C-4BA2-A5C4-BCAA2298A140}"
EndProject
Project("{2150E333-8FDC-42A3-9474-1A3956D46DE8}") = "eBook", "eBook", "{0998BA96-CFA4-49B6-AAFA-D35C08E26ACB}"
EndProject
Project("{2150E333-8FDC-42A3-9474-1A3956D46DE8}") = "Paper Book", "Paper Book", "{0ACEEE67-C95D-48DC-AEFC-954E734D0657}"
EndProject
Project("{2150E333-8FDC-42A3-9474-1A3956D46DE8}") = "eBook", "eBook", "{B9D48644-E709-445F-8351-B9F121B83AF2}"
EndProject
Project("{2150E333-8FDC-42A3-9474-1A3956D46DE8}") = "Paper Book", "Paper Book", "{60DE8E66-C94D-436D-AB7F-D6B7B53F96E7}"
EndProject
Project("{9A19103F-16F7-4668-BE54-9A1E7A4F7556}") = "Lektion-5-Exercise-Arrays-2", "Lektion-5-Exercise-Arrays-2\Lektion-5-Exercise-Arrays-2.csproj", "{93039F53-11B1-40C8-97A0-4A91ECB70998}"
EndProject
Project("{9A19103F-16F7-4668-BE54-9A1E7A4F7556}") = "Lektion-5-Exercise-Arrays-3", "Lektion-5-Exercise-Arrays-3\Lektion-5-Exercise-Arrays-3.csproj", "{3FF71BC6-0A59-449F-B5AD-BCD01454F4EA}"
EndProject
Project("{9A19103F-16F7-4668-BE54-9A1E7A4F7556}") = "Lektion-5-Exercise-Arrays-4", "Lektion-5-Exercise-Arrays-4\Lektion-5-Exercise-Arrays-4.csproj", "{9C19EF24-E8D7-4346-9DEA-64BBC948F8C0}"
EndProject
Project("{9A19103F-16F7-4668-BE54-9A1E7A4F7556}") = "Lektion-5-Exercise-Arrays-5", "Lektion-5-Exercise-Arrays-5\Lektion-5-Exercise-Arrays-5.csproj", "{F1955C3D-BBC9-468F-839F-86A539CBEE8A}"
EndProject
Project("{9A19103F-16F7-4668-BE54-9A1E7A4F7556}") = "Lektion-5-Exercise-Arrays-6", "Lektion-5-Exercise-Arrays-6\Lektion-5-Exercise-Arrays-6.csproj", "{A58364EB-DCD8-4375-AABA-345F30080E99}"
EndProject
Project("{9A19103F-16F7-4668-BE54-9A1E7A4F7556}") = "Lektion-5-Exercise-Arrays-7", "Lektion-5-Exercise-Arrays-7\Lektion-5-Exercise-Arrays-7.csproj", "{2379D43A-9E70-45B1-AE87-DEF948E55068}"
EndProject
Project("{2150E333-8FDC-42A3-9474-1A3956D46DE8}") = "Lektion-6", "Lektion-6", "{E4BC3EF1-C6E6-47FF-9FAF-0B7FDE2C10C8}"
EndProject
Project("{2150E333-8FDC-42A3-9474-1A3956D46DE8}") = "eBook", "eBook", "{ACE246A1-331C-44A1-B5DC-31BD5A02C3D1}"
EndProject
Project("{2150E333-8FDC-42A3-9474-1A3956D46DE8}") = "Paper Book", "Paper Book", "{C2807164-F59E-4388-95A0-279FE79183A6}"
EndProject
Project("{9A19103F-16F7-4668-BE54-9A1E7A4F7556}") = "Lektion-6-Exercises-Objects-1", "Lektion-6-Exercises-Objects-1\Lektion-6-Exercises-Objects-1.csproj", "{704BE6B8-5CD9-41EB-806C-55AEEF120848}"
EndProject
Project("{9A19103F-16F7-4668-BE54-9A1E7A4F7556}") = "Lektion-6-Exercises-Objects-1-variant-1", "Lektion-6-Exercises-Objects-1-variant-1\Lektion-6-Exercises-Objects-1-variant-1.csproj", "{636A45D5-386F-43A0-8877-46C894AAB8E7}"
EndProject
Project("{9A19103F-16F7-4668-BE54-9A1E7A4F7556}") = "Lektion-6-Exercise-Objects-2", "Lektion-6-Exercise-Objects-2\Lektion-6-Exercise-Objects-2.csproj", "{1F18B919-A43D-457F-BB7F-F51B83D7B39A}"
EndProject
Project("{2150E333-8FDC-42A3-9474-1A3956D46DE8}") = "anteckningar", "anteckningar", "{76D01226-8E03-4F6E-8BBB-EA9000B892A6}"
EndProject
Project("{9A19103F-16F7-4668-BE54-9A1E7A4F7556}") = "Lektion-6-anteckningar", "Lektion-6-anteckningar\Lektion-6-anteckningar.csproj", "{79C917AD-EF89-44CF-8BBB-A8CCC442D4B2}"
EndProject
Project("{FAE04EC0-301F-11D3-BF4B-00C04F79EFBC}") = "Lektion-6-Exercise-Objects-3", "Lektion-6-Exercise-Objects-3\Lektion-6-Exercise-Objects-3.csproj", "{6072888F-286E-487C-9BAB-BE279B853249}"
EndProject
Project("{FAE04EC0-301F-11D3-BF4B-00C04F79EFBC}") = "Lektion-6-Exercise-Objects-4", "Lektion-6-Exercise-Objects-4\Lektion-6-Exercise-Objects-4.csproj", "{EFE28806-9195-48C8-B514-799C73DD19C2}"
EndProject
Project("{FAE04EC0-301F-11D3-BF4B-00C04F79EFBC}") = "Lektion-6-Exercise-Objects-5", "Lektion-6-Exercise-Objects-5\Lektion-6-Exercise-Objects-5.csproj", "{FEE05B74-319C-43C3-81BA-2DDBD379AAE8}"
EndProject
Global
	GlobalSection(SolutionConfigurationPlatforms) = preSolution
		Debug|Any CPU = Debug|Any CPU
		Release|Any CPU = Release|Any CPU
	EndGlobalSection
	GlobalSection(ProjectConfigurationPlatforms) = postSolution
		{7D32B0CA-98CE-4B0E-A9C7-A9384FDA21E5}.Debug|Any CPU.ActiveCfg = Debug|Any CPU
		{7D32B0CA-98CE-4B0E-A9C7-A9384FDA21E5}.Debug|Any CPU.Build.0 = Debug|Any CPU
		{7D32B0CA-98CE-4B0E-A9C7-A9384FDA21E5}.Release|Any CPU.ActiveCfg = Release|Any CPU
		{7D32B0CA-98CE-4B0E-A9C7-A9384FDA21E5}.Release|Any CPU.Build.0 = Release|Any CPU
		{6A16F5D8-0F45-4B45-86EC-D13B3881C483}.Debug|Any CPU.ActiveCfg = Debug|Any CPU
		{6A16F5D8-0F45-4B45-86EC-D13B3881C483}.Debug|Any CPU.Build.0 = Debug|Any CPU
		{6A16F5D8-0F45-4B45-86EC-D13B3881C483}.Release|Any CPU.ActiveCfg = Release|Any CPU
		{6A16F5D8-0F45-4B45-86EC-D13B3881C483}.Release|Any CPU.Build.0 = Release|Any CPU
		{152C849B-1140-42AC-A756-5CCAAA03E48D}.Debug|Any CPU.ActiveCfg = Debug|Any CPU
		{152C849B-1140-42AC-A756-5CCAAA03E48D}.Debug|Any CPU.Build.0 = Debug|Any CPU
		{152C849B-1140-42AC-A756-5CCAAA03E48D}.Release|Any CPU.ActiveCfg = Release|Any CPU
		{152C849B-1140-42AC-A756-5CCAAA03E48D}.Release|Any CPU.Build.0 = Release|Any CPU
		{AAE1E7EF-D627-48B5-A74B-F407A702A4F9}.Debug|Any CPU.ActiveCfg = Debug|Any CPU
		{AAE1E7EF-D627-48B5-A74B-F407A702A4F9}.Debug|Any CPU.Build.0 = Debug|Any CPU
		{AAE1E7EF-D627-48B5-A74B-F407A702A4F9}.Release|Any CPU.ActiveCfg = Release|Any CPU
		{AAE1E7EF-D627-48B5-A74B-F407A702A4F9}.Release|Any CPU.Build.0 = Release|Any CPU
		{82B657BF-1B3A-4A15-AC49-4DE56362E22C}.Debug|Any CPU.ActiveCfg = Debug|Any CPU
		{82B657BF-1B3A-4A15-AC49-4DE56362E22C}.Debug|Any CPU.Build.0 = Debug|Any CPU
		{82B657BF-1B3A-4A15-AC49-4DE56362E22C}.Release|Any CPU.ActiveCfg = Release|Any CPU
		{82B657BF-1B3A-4A15-AC49-4DE56362E22C}.Release|Any CPU.Build.0 = Release|Any CPU
		{E0B75E1C-1163-446B-B668-50098ADA8FB8}.Debug|Any CPU.ActiveCfg = Debug|Any CPU
		{E0B75E1C-1163-446B-B668-50098ADA8FB8}.Debug|Any CPU.Build.0 = Debug|Any CPU
		{E0B75E1C-1163-446B-B668-50098ADA8FB8}.Release|Any CPU.ActiveCfg = Release|Any CPU
		{E0B75E1C-1163-446B-B668-50098ADA8FB8}.Release|Any CPU.Build.0 = Release|Any CPU
		{9BD18D73-303B-44FE-88E2-D98848993577}.Debug|Any CPU.ActiveCfg = Debug|Any CPU
		{9BD18D73-303B-44FE-88E2-D98848993577}.Debug|Any CPU.Build.0 = Debug|Any CPU
		{9BD18D73-303B-44FE-88E2-D98848993577}.Release|Any CPU.ActiveCfg = Release|Any CPU
		{9BD18D73-303B-44FE-88E2-D98848993577}.Release|Any CPU.Build.0 = Release|Any CPU
		{74DEFA3E-6942-4F9F-893D-8E3EF6461697}.Debug|Any CPU.ActiveCfg = Debug|Any CPU
		{74DEFA3E-6942-4F9F-893D-8E3EF6461697}.Debug|Any CPU.Build.0 = Debug|Any CPU
		{74DEFA3E-6942-4F9F-893D-8E3EF6461697}.Release|Any CPU.ActiveCfg = Release|Any CPU
		{74DEFA3E-6942-4F9F-893D-8E3EF6461697}.Release|Any CPU.Build.0 = Release|Any CPU
		{4E4944CE-6F27-4408-A56D-9E79D28B1D4F}.Debug|Any CPU.ActiveCfg = Debug|Any CPU
		{4E4944CE-6F27-4408-A56D-9E79D28B1D4F}.Debug|Any CPU.Build.0 = Debug|Any CPU
		{4E4944CE-6F27-4408-A56D-9E79D28B1D4F}.Release|Any CPU.ActiveCfg = Release|Any CPU
		{4E4944CE-6F27-4408-A56D-9E79D28B1D4F}.Release|Any CPU.Build.0 = Release|Any CPU
		{086C87EE-096B-429C-865B-C2D230DF06B0}.Debug|Any CPU.ActiveCfg = Debug|Any CPU
		{086C87EE-096B-429C-865B-C2D230DF06B0}.Debug|Any CPU.Build.0 = Debug|Any CPU
		{086C87EE-096B-429C-865B-C2D230DF06B0}.Release|Any CPU.ActiveCfg = Release|Any CPU
		{086C87EE-096B-429C-865B-C2D230DF06B0}.Release|Any CPU.Build.0 = Release|Any CPU
		{4DA1EC42-C485-43FB-9EEB-6C3539F70DCC}.Debug|Any CPU.ActiveCfg = Debug|Any CPU
		{4DA1EC42-C485-43FB-9EEB-6C3539F70DCC}.Debug|Any CPU.Build.0 = Debug|Any CPU
		{4DA1EC42-C485-43FB-9EEB-6C3539F70DCC}.Release|Any CPU.ActiveCfg = Release|Any CPU
		{4DA1EC42-C485-43FB-9EEB-6C3539F70DCC}.Release|Any CPU.Build.0 = Release|Any CPU
		{C5E9B4FF-D2C2-4A65-A1F9-C8F7EAACD8F1}.Debug|Any CPU.ActiveCfg = Debug|Any CPU
		{C5E9B4FF-D2C2-4A65-A1F9-C8F7EAACD8F1}.Debug|Any CPU.Build.0 = Debug|Any CPU
		{C5E9B4FF-D2C2-4A65-A1F9-C8F7EAACD8F1}.Release|Any CPU.ActiveCfg = Release|Any CPU
		{C5E9B4FF-D2C2-4A65-A1F9-C8F7EAACD8F1}.Release|Any CPU.Build.0 = Release|Any CPU
		{CFE7D2B8-DA14-47DB-90BA-FE04B214849C}.Debug|Any CPU.ActiveCfg = Debug|Any CPU
		{CFE7D2B8-DA14-47DB-90BA-FE04B214849C}.Debug|Any CPU.Build.0 = Debug|Any CPU
		{CFE7D2B8-DA14-47DB-90BA-FE04B214849C}.Release|Any CPU.ActiveCfg = Release|Any CPU
		{CFE7D2B8-DA14-47DB-90BA-FE04B214849C}.Release|Any CPU.Build.0 = Release|Any CPU
		{ECE618B5-EEB8-4C53-A7FD-78F0EF743CED}.Debug|Any CPU.ActiveCfg = Debug|Any CPU
		{ECE618B5-EEB8-4C53-A7FD-78F0EF743CED}.Debug|Any CPU.Build.0 = Debug|Any CPU
		{ECE618B5-EEB8-4C53-A7FD-78F0EF743CED}.Release|Any CPU.ActiveCfg = Release|Any CPU
		{ECE618B5-EEB8-4C53-A7FD-78F0EF743CED}.Release|Any CPU.Build.0 = Release|Any CPU
		{980D95BD-687B-4E74-A598-2FA9BE598E90}.Debug|Any CPU.ActiveCfg = Debug|Any CPU
		{980D95BD-687B-4E74-A598-2FA9BE598E90}.Debug|Any CPU.Build.0 = Debug|Any CPU
		{980D95BD-687B-4E74-A598-2FA9BE598E90}.Release|Any CPU.ActiveCfg = Release|Any CPU
		{980D95BD-687B-4E74-A598-2FA9BE598E90}.Release|Any CPU.Build.0 = Release|Any CPU
		{54BE7958-836C-488D-BEBB-FA29BEAE6846}.Debug|Any CPU.ActiveCfg = Debug|Any CPU
		{54BE7958-836C-488D-BEBB-FA29BEAE6846}.Debug|Any CPU.Build.0 = Debug|Any CPU
		{54BE7958-836C-488D-BEBB-FA29BEAE6846}.Release|Any CPU.ActiveCfg = Release|Any CPU
		{54BE7958-836C-488D-BEBB-FA29BEAE6846}.Release|Any CPU.Build.0 = Release|Any CPU
		{B9D6567B-57B6-432C-A80A-B24AB701EF04}.Debug|Any CPU.ActiveCfg = Debug|Any CPU
		{B9D6567B-57B6-432C-A80A-B24AB701EF04}.Debug|Any CPU.Build.0 = Debug|Any CPU
		{B9D6567B-57B6-432C-A80A-B24AB701EF04}.Release|Any CPU.ActiveCfg = Release|Any CPU
		{B9D6567B-57B6-432C-A80A-B24AB701EF04}.Release|Any CPU.Build.0 = Release|Any CPU
		{A5A83C9B-0D05-4A37-A47B-D5F63F87D77D}.Debug|Any CPU.ActiveCfg = Debug|Any CPU
		{A5A83C9B-0D05-4A37-A47B-D5F63F87D77D}.Debug|Any CPU.Build.0 = Debug|Any CPU
		{A5A83C9B-0D05-4A37-A47B-D5F63F87D77D}.Release|Any CPU.ActiveCfg = Release|Any CPU
		{A5A83C9B-0D05-4A37-A47B-D5F63F87D77D}.Release|Any CPU.Build.0 = Release|Any CPU
		{31461100-D6EA-459A-9AA6-93632FF26E1C}.Debug|Any CPU.ActiveCfg = Debug|Any CPU
		{31461100-D6EA-459A-9AA6-93632FF26E1C}.Debug|Any CPU.Build.0 = Debug|Any CPU
		{31461100-D6EA-459A-9AA6-93632FF26E1C}.Release|Any CPU.ActiveCfg = Release|Any CPU
		{31461100-D6EA-459A-9AA6-93632FF26E1C}.Release|Any CPU.Build.0 = Release|Any CPU
		{6C92D46C-80F0-4940-BFBB-88C9E6243B76}.Debug|Any CPU.ActiveCfg = Debug|Any CPU
		{6C92D46C-80F0-4940-BFBB-88C9E6243B76}.Debug|Any CPU.Build.0 = Debug|Any CPU
		{6C92D46C-80F0-4940-BFBB-88C9E6243B76}.Release|Any CPU.ActiveCfg = Release|Any CPU
		{6C92D46C-80F0-4940-BFBB-88C9E6243B76}.Release|Any CPU.Build.0 = Release|Any CPU
		{61FC178B-3CAD-4889-A830-A476E063BC5D}.Debug|Any CPU.ActiveCfg = Debug|Any CPU
		{61FC178B-3CAD-4889-A830-A476E063BC5D}.Debug|Any CPU.Build.0 = Debug|Any CPU
		{61FC178B-3CAD-4889-A830-A476E063BC5D}.Release|Any CPU.ActiveCfg = Release|Any CPU
		{61FC178B-3CAD-4889-A830-A476E063BC5D}.Release|Any CPU.Build.0 = Release|Any CPU
		{039F6BD8-4565-43E3-886A-1BAA95DF02E9}.Debug|Any CPU.ActiveCfg = Debug|Any CPU
		{039F6BD8-4565-43E3-886A-1BAA95DF02E9}.Debug|Any CPU.Build.0 = Debug|Any CPU
		{039F6BD8-4565-43E3-886A-1BAA95DF02E9}.Release|Any CPU.ActiveCfg = Release|Any CPU
		{039F6BD8-4565-43E3-886A-1BAA95DF02E9}.Release|Any CPU.Build.0 = Release|Any CPU
		{7C45FEA6-3795-4359-A1D7-6BF825C2ECC7}.Debug|Any CPU.ActiveCfg = Debug|Any CPU
		{7C45FEA6-3795-4359-A1D7-6BF825C2ECC7}.Debug|Any CPU.Build.0 = Debug|Any CPU
		{7C45FEA6-3795-4359-A1D7-6BF825C2ECC7}.Release|Any CPU.ActiveCfg = Release|Any CPU
		{7C45FEA6-3795-4359-A1D7-6BF825C2ECC7}.Release|Any CPU.Build.0 = Release|Any CPU
		{1D750CE7-A118-4B6A-9766-5C21E39EAE35}.Debug|Any CPU.ActiveCfg = Debug|Any CPU
		{1D750CE7-A118-4B6A-9766-5C21E39EAE35}.Debug|Any CPU.Build.0 = Debug|Any CPU
		{1D750CE7-A118-4B6A-9766-5C21E39EAE35}.Release|Any CPU.ActiveCfg = Release|Any CPU
		{1D750CE7-A118-4B6A-9766-5C21E39EAE35}.Release|Any CPU.Build.0 = Release|Any CPU
		{93039F53-11B1-40C8-97A0-4A91ECB70998}.Debug|Any CPU.ActiveCfg = Debug|Any CPU
		{93039F53-11B1-40C8-97A0-4A91ECB70998}.Debug|Any CPU.Build.0 = Debug|Any CPU
		{93039F53-11B1-40C8-97A0-4A91ECB70998}.Release|Any CPU.ActiveCfg = Release|Any CPU
		{93039F53-11B1-40C8-97A0-4A91ECB70998}.Release|Any CPU.Build.0 = Release|Any CPU
		{3FF71BC6-0A59-449F-B5AD-BCD01454F4EA}.Debug|Any CPU.ActiveCfg = Debug|Any CPU
		{3FF71BC6-0A59-449F-B5AD-BCD01454F4EA}.Debug|Any CPU.Build.0 = Debug|Any CPU
		{3FF71BC6-0A59-449F-B5AD-BCD01454F4EA}.Release|Any CPU.ActiveCfg = Release|Any CPU
		{3FF71BC6-0A59-449F-B5AD-BCD01454F4EA}.Release|Any CPU.Build.0 = Release|Any CPU
		{9C19EF24-E8D7-4346-9DEA-64BBC948F8C0}.Debug|Any CPU.ActiveCfg = Debug|Any CPU
		{9C19EF24-E8D7-4346-9DEA-64BBC948F8C0}.Debug|Any CPU.Build.0 = Debug|Any CPU
		{9C19EF24-E8D7-4346-9DEA-64BBC948F8C0}.Release|Any CPU.ActiveCfg = Release|Any CPU
		{9C19EF24-E8D7-4346-9DEA-64BBC948F8C0}.Release|Any CPU.Build.0 = Release|Any CPU
		{F1955C3D-BBC9-468F-839F-86A539CBEE8A}.Debug|Any CPU.ActiveCfg = Debug|Any CPU
		{F1955C3D-BBC9-468F-839F-86A539CBEE8A}.Debug|Any CPU.Build.0 = Debug|Any CPU
		{F1955C3D-BBC9-468F-839F-86A539CBEE8A}.Release|Any CPU.ActiveCfg = Release|Any CPU
		{F1955C3D-BBC9-468F-839F-86A539CBEE8A}.Release|Any CPU.Build.0 = Release|Any CPU
		{A58364EB-DCD8-4375-AABA-345F30080E99}.Debug|Any CPU.ActiveCfg = Debug|Any CPU
		{A58364EB-DCD8-4375-AABA-345F30080E99}.Debug|Any CPU.Build.0 = Debug|Any CPU
		{A58364EB-DCD8-4375-AABA-345F30080E99}.Release|Any CPU.ActiveCfg = Release|Any CPU
		{A58364EB-DCD8-4375-AABA-345F30080E99}.Release|Any CPU.Build.0 = Release|Any CPU
		{2379D43A-9E70-45B1-AE87-DEF948E55068}.Debug|Any CPU.ActiveCfg = Debug|Any CPU
		{2379D43A-9E70-45B1-AE87-DEF948E55068}.Debug|Any CPU.Build.0 = Debug|Any CPU
		{2379D43A-9E70-45B1-AE87-DEF948E55068}.Release|Any CPU.ActiveCfg = Release|Any CPU
		{2379D43A-9E70-45B1-AE87-DEF948E55068}.Release|Any CPU.Build.0 = Release|Any CPU
		{704BE6B8-5CD9-41EB-806C-55AEEF120848}.Debug|Any CPU.ActiveCfg = Debug|Any CPU
		{704BE6B8-5CD9-41EB-806C-55AEEF120848}.Debug|Any CPU.Build.0 = Debug|Any CPU
		{704BE6B8-5CD9-41EB-806C-55AEEF120848}.Release|Any CPU.ActiveCfg = Release|Any CPU
		{704BE6B8-5CD9-41EB-806C-55AEEF120848}.Release|Any CPU.Build.0 = Release|Any CPU
		{636A45D5-386F-43A0-8877-46C894AAB8E7}.Debug|Any CPU.ActiveCfg = Debug|Any CPU
		{636A45D5-386F-43A0-8877-46C894AAB8E7}.Debug|Any CPU.Build.0 = Debug|Any CPU
		{636A45D5-386F-43A0-8877-46C894AAB8E7}.Release|Any CPU.ActiveCfg = Release|Any CPU
		{636A45D5-386F-43A0-8877-46C894AAB8E7}.Release|Any CPU.Build.0 = Release|Any CPU
		{1F18B919-A43D-457F-BB7F-F51B83D7B39A}.Debug|Any CPU.ActiveCfg = Debug|Any CPU
		{1F18B919-A43D-457F-BB7F-F51B83D7B39A}.Debug|Any CPU.Build.0 = Debug|Any CPU
		{1F18B919-A43D-457F-BB7F-F51B83D7B39A}.Release|Any CPU.ActiveCfg = Release|Any CPU
		{1F18B919-A43D-457F-BB7F-F51B83D7B39A}.Release|Any CPU.Build.0 = Release|Any CPU
		{79C917AD-EF89-44CF-8BBB-A8CCC442D4B2}.Debug|Any CPU.ActiveCfg = Debug|Any CPU
		{79C917AD-EF89-44CF-8BBB-A8CCC442D4B2}.Debug|Any CPU.Build.0 = Debug|Any CPU
		{79C917AD-EF89-44CF-8BBB-A8CCC442D4B2}.Release|Any CPU.ActiveCfg = Release|Any CPU
		{79C917AD-EF89-44CF-8BBB-A8CCC442D4B2}.Release|Any CPU.Build.0 = Release|Any CPU
		{6072888F-286E-487C-9BAB-BE279B853249}.Debug|Any CPU.ActiveCfg = Debug|Any CPU
		{6072888F-286E-487C-9BAB-BE279B853249}.Debug|Any CPU.Build.0 = Debug|Any CPU
		{6072888F-286E-487C-9BAB-BE279B853249}.Release|Any CPU.ActiveCfg = Release|Any CPU
		{6072888F-286E-487C-9BAB-BE279B853249}.Release|Any CPU.Build.0 = Release|Any CPU
		{EFE28806-9195-48C8-B514-799C73DD19C2}.Debug|Any CPU.ActiveCfg = Debug|Any CPU
		{EFE28806-9195-48C8-B514-799C73DD19C2}.Debug|Any CPU.Build.0 = Debug|Any CPU
		{EFE28806-9195-48C8-B514-799C73DD19C2}.Release|Any CPU.ActiveCfg = Release|Any CPU
		{EFE28806-9195-48C8-B514-799C73DD19C2}.Release|Any CPU.Build.0 = Release|Any CPU
		{FEE05B74-319C-43C3-81BA-2DDBD379AAE8}.Debug|Any CPU.ActiveCfg = Debug|Any CPU
		{FEE05B74-319C-43C3-81BA-2DDBD379AAE8}.Debug|Any CPU.Build.0 = Debug|Any CPU
		{FEE05B74-319C-43C3-81BA-2DDBD379AAE8}.Release|Any CPU.ActiveCfg = Release|Any CPU
		{FEE05B74-319C-43C3-81BA-2DDBD379AAE8}.Release|Any CPU.Build.0 = Release|Any CPU
	EndGlobalSection
	GlobalSection(SolutionProperties) = preSolution
		HideSolutionNode = FALSE
	EndGlobalSection
	GlobalSection(NestedProjects) = preSolution
		{7D32B0CA-98CE-4B0E-A9C7-A9384FDA21E5} = {0998BA96-CFA4-49B6-AAFA-D35C08E26ACB}
		{6A16F5D8-0F45-4B45-86EC-D13B3881C483} = {B9D48644-E709-445F-8351-B9F121B83AF2}
		{152C849B-1140-42AC-A756-5CCAAA03E48D} = {B9D48644-E709-445F-8351-B9F121B83AF2}
		{AAE1E7EF-D627-48B5-A74B-F407A702A4F9} = {B9D48644-E709-445F-8351-B9F121B83AF2}
		{82B657BF-1B3A-4A15-AC49-4DE56362E22C} = {B9D48644-E709-445F-8351-B9F121B83AF2}
		{E0B75E1C-1163-446B-B668-50098ADA8FB8} = {B9D48644-E709-445F-8351-B9F121B83AF2}
		{9BD18D73-303B-44FE-88E2-D98848993577} = {B9D48644-E709-445F-8351-B9F121B83AF2}
		{74DEFA3E-6942-4F9F-893D-8E3EF6461697} = {B9D48644-E709-445F-8351-B9F121B83AF2}
		{4E4944CE-6F27-4408-A56D-9E79D28B1D4F} = {399105AE-4069-4D08-B58F-F1A51B018DC0}
		{086C87EE-096B-429C-865B-C2D230DF06B0} = {399105AE-4069-4D08-B58F-F1A51B018DC0}
		{4DA1EC42-C485-43FB-9EEB-6C3539F70DCC} = {399105AE-4069-4D08-B58F-F1A51B018DC0}
		{C5E9B4FF-D2C2-4A65-A1F9-C8F7EAACD8F1} = {399105AE-4069-4D08-B58F-F1A51B018DC0}
		{CFE7D2B8-DA14-47DB-90BA-FE04B214849C} = {399105AE-4069-4D08-B58F-F1A51B018DC0}
		{ECE618B5-EEB8-4C53-A7FD-78F0EF743CED} = {399105AE-4069-4D08-B58F-F1A51B018DC0}
		{980D95BD-687B-4E74-A598-2FA9BE598E90} = {399105AE-4069-4D08-B58F-F1A51B018DC0}
		{54BE7958-836C-488D-BEBB-FA29BEAE6846} = {7398174C-C47B-47F1-B640-DD96BAEE603F}
		{B9D6567B-57B6-432C-A80A-B24AB701EF04} = {7398174C-C47B-47F1-B640-DD96BAEE603F}
		{A5A83C9B-0D05-4A37-A47B-D5F63F87D77D} = {7398174C-C47B-47F1-B640-DD96BAEE603F}
		{31461100-D6EA-459A-9AA6-93632FF26E1C} = {7398174C-C47B-47F1-B640-DD96BAEE603F}
		{6C92D46C-80F0-4940-BFBB-88C9E6243B76} = {7398174C-C47B-47F1-B640-DD96BAEE603F}
		{61FC178B-3CAD-4889-A830-A476E063BC5D} = {7398174C-C47B-47F1-B640-DD96BAEE603F}
		{039F6BD8-4565-43E3-886A-1BAA95DF02E9} = {7398174C-C47B-47F1-B640-DD96BAEE603F}
		{7C45FEA6-3795-4359-A1D7-6BF825C2ECC7} = {7398174C-C47B-47F1-B640-DD96BAEE603F}
		{1D750CE7-A118-4B6A-9766-5C21E39EAE35} = {7398174C-C47B-47F1-B640-DD96BAEE603F}
		{7398174C-C47B-47F1-B640-DD96BAEE603F} = {507915C2-735D-4C6A-8188-E7976799AC65}
		{74367F3C-DAFF-4AC2-8D7E-DE62536F42A5} = {507915C2-735D-4C6A-8188-E7976799AC65}
		{399105AE-4069-4D08-B58F-F1A51B018DC0} = {C180DB4D-F03F-4408-859E-B55A333F8453}
		{CCEF6C9D-9E6C-4BA2-A5C4-BCAA2298A140} = {C180DB4D-F03F-4408-859E-B55A333F8453}
		{0998BA96-CFA4-49B6-AAFA-D35C08E26ACB} = {2D683908-900C-4848-AF70-0CD829FC8EA3}
		{0ACEEE67-C95D-48DC-AEFC-954E734D0657} = {2D683908-900C-4848-AF70-0CD829FC8EA3}
		{B9D48644-E709-445F-8351-B9F121B83AF2} = {62267839-088C-4B88-B1CE-C408D010925C}
		{60DE8E66-C94D-436D-AB7F-D6B7B53F96E7} = {62267839-088C-4B88-B1CE-C408D010925C}
		{93039F53-11B1-40C8-97A0-4A91ECB70998} = {7398174C-C47B-47F1-B640-DD96BAEE603F}
		{3FF71BC6-0A59-449F-B5AD-BCD01454F4EA} = {7398174C-C47B-47F1-B640-DD96BAEE603F}
		{9C19EF24-E8D7-4346-9DEA-64BBC948F8C0} = {7398174C-C47B-47F1-B640-DD96BAEE603F}
		{F1955C3D-BBC9-468F-839F-86A539CBEE8A} = {7398174C-C47B-47F1-B640-DD96BAEE603F}
		{A58364EB-DCD8-4375-AABA-345F30080E99} = {7398174C-C47B-47F1-B640-DD96BAEE603F}
		{2379D43A-9E70-45B1-AE87-DEF948E55068} = {7398174C-C47B-47F1-B640-DD96BAEE603F}
		{ACE246A1-331C-44A1-B5DC-31BD5A02C3D1} = {E4BC3EF1-C6E6-47FF-9FAF-0B7FDE2C10C8}
		{C2807164-F59E-4388-95A0-279FE79183A6} = {E4BC3EF1-C6E6-47FF-9FAF-0B7FDE2C10C8}
		{704BE6B8-5CD9-41EB-806C-55AEEF120848} = {ACE246A1-331C-44A1-B5DC-31BD5A02C3D1}
		{636A45D5-386F-43A0-8877-46C894AAB8E7} = {ACE246A1-331C-44A1-B5DC-31BD5A02C3D1}
		{1F18B919-A43D-457F-BB7F-F51B83D7B39A} = {ACE246A1-331C-44A1-B5DC-31BD5A02C3D1}
		{76D01226-8E03-4F6E-8BBB-EA9000B892A6} = {ACE246A1-331C-44A1-B5DC-31BD5A02C3D1}
		{79C917AD-EF89-44CF-8BBB-A8CCC442D4B2} = {76D01226-8E03-4F6E-8BBB-EA9000B892A6}
		{6072888F-286E-487C-9BAB-BE279B853249} = {ACE246A1-331C-44A1-B5DC-31BD5A02C3D1}
		{EFE28806-9195-48C8-B514-799C73DD19C2} = {ACE246A1-331C-44A1-B5DC-31BD5A02C3D1}
		{FEE05B74-319C-43C3-81BA-2DDBD379AAE8} = {ACE246A1-331C-44A1-B5DC-31BD5A02C3D1}
	EndGlobalSection
	GlobalSection(ExtensibilityGlobals) = postSolution
		SolutionGuid = {7E24C14F-6B05-446D-AC6A-CD36EDE2D939}
	EndGlobalSection
EndGlobal
