
Microsoft Visual Studio Solution File, Format Version 12.00
# Visual Studio Version 16
VisualStudioVersion = 16.0.30413.136
MinimumVisualStudioVersion = 10.0.40219.1
Project("{9A19103F-16F7-4668-BE54-9A1E7A4F7556}") = "Lektion-2", "Lektion-2\Lektion-2.csproj", "{7D32B0CA-98CE-4B0E-A9C7-A9384FDA21E5}"
EndProject
Project("{9A19103F-16F7-4668-BE54-9A1E7A4F7556}") = "Lektion-3-Exercise-1", "Lektion-3-Exercise-1\Lektion-3-Exercise-1.csproj", "{6A16F5D8-0F45-4B45-86EC-D13B3881C483}"
EndProject
Project("{9A19103F-16F7-4668-BE54-9A1E7A4F7556}") = "Lektion-3-Exercise-2", "Lektion-3-Exercise-2\Lektion-3-Exercise-2.csproj", "{152C849B-1140-42AC-A756-5CCAAA03E48D}"
EndProject
Project("{9A19103F-16F7-4668-BE54-9A1E7A4F7556}") = "Lektion-3-Exercise-3", "Lektion-3-Exercise-3\Lektion-3-Exercise-3.csproj", "{AAE1E7EF-D627-48B5-A74B-F407A702A4F9}"
EndProject
Project("{9A19103F-16F7-4668-BE54-9A1E7A4F7556}") = "Lektion-3-Exercise-4", "Lektion-3-Exercise-4\Lektion-3-Exercise-4.csproj", "{82B657BF-1B3A-4A15-AC49-4DE56362E22C}"
EndProject
Project("{9A19103F-16F7-4668-BE54-9A1E7A4F7556}") = "Lektion-3-Exercise-5", "Lektion-3-Exercise-5\Lektion-3-Exercise-5.csproj", "{E0B75E1C-1163-446B-B668-50098ADA8FB8}"
EndProject
Project("{9A19103F-16F7-4668-BE54-9A1E7A4F7556}") = "Lektion-3-Exercise-6", "Lektion-3-Exercise-6\Lektion-3-Exercise-6.csproj", "{9BD18D73-303B-44FE-88E2-D98848993577}"
EndProject
Project("{2150E333-8FDC-42A3-9474-1A3956D46DE8}") = "Lektion-3", "Lektion-3", "{62267839-088C-4B88-B1CE-C408D010925C}"
EndProject
Project("{9A19103F-16F7-4668-BE54-9A1E7A4F7556}") = "Lektion-3-Exercise-7", "Lektion-3-Exercise-7\Lektion-3-Exercise-7.csproj", "{74DEFA3E-6942-4F9F-893D-8E3EF6461697}"
EndProject
Project("{2150E333-8FDC-42A3-9474-1A3956D46DE8}") = "Lektion-4", "Lektion-4", "{C180DB4D-F03F-4408-859E-B55A333F8453}"
EndProject
Project("{9A19103F-16F7-4668-BE54-9A1E7A4F7556}") = "Lektion-4-Exercise-1", "Lektion-4-Exercise-1\Lektion-4-Exercise-1.csproj", "{4E4944CE-6F27-4408-A56D-9E79D28B1D4F}"
EndProject
Project("{2150E333-8FDC-42A3-9474-1A3956D46DE8}") = "Lektion-2-temp", "Lektion-2-temp", "{2D683908-900C-4848-AF70-0CD829FC8EA3}"
EndProject
Project("{9A19103F-16F7-4668-BE54-9A1E7A4F7556}") = "Lektion-4-Exercise-2", "Lektion-4-Exercise-2\Lektion-4-Exercise-2.csproj", "{086C87EE-096B-429C-865B-C2D230DF06B0}"
EndProject
Project("{9A19103F-16F7-4668-BE54-9A1E7A4F7556}") = "Lektion-4-Exercise-3", "Lektion-4-Exercise-3\Lektion-4-Exercise-3.csproj", "{4DA1EC42-C485-43FB-9EEB-6C3539F70DCC}"
EndProject
Project("{9A19103F-16F7-4668-BE54-9A1E7A4F7556}") = "Lektion-4-Exercise-4", "Lektion-4-Exercise-4\Lektion-4-Exercise-4.csproj", "{C5E9B4FF-D2C2-4A65-A1F9-C8F7EAACD8F1}"
EndProject
Project("{9A19103F-16F7-4668-BE54-9A1E7A4F7556}") = "Lektion-4-Exercise-5", "Lektion-4-Exercise-5\Lektion-4-Exercise-5.csproj", "{CFE7D2B8-DA14-47DB-90BA-FE04B214849C}"
EndProject
Project("{9A19103F-16F7-4668-BE54-9A1E7A4F7556}") = "Lektion-4-Exercise-6", "Lektion-4-Exercise-6\Lektion-4-Exercise-6.csproj", "{ECE618B5-EEB8-4C53-A7FD-78F0EF743CED}"
EndProject
Project("{FAE04EC0-301F-11D3-BF4B-00C04F79EFBC}") = "Lektion-4-Exercise-7", "Lektion-4-Exercise-7\Lektion-4-Exercise-7.csproj", "{980D95BD-687B-4E74-A598-2FA9BE598E90}"
EndProject
Global
	GlobalSection(SolutionConfigurationPlatforms) = preSolution
		Debug|Any CPU = Debug|Any CPU
		Release|Any CPU = Release|Any CPU
	EndGlobalSection
	GlobalSection(ProjectConfigurationPlatforms) = postSolution
		{7D32B0CA-98CE-4B0E-A9C7-A9384FDA21E5}.Debug|Any CPU.ActiveCfg = Debug|Any CPU
		{7D32B0CA-98CE-4B0E-A9C7-A9384FDA21E5}.Debug|Any CPU.Build.0 = Debug|Any CPU
		{7D32B0CA-98CE-4B0E-A9C7-A9384FDA21E5}.Release|Any CPU.ActiveCfg = Release|Any CPU
		{7D32B0CA-98CE-4B0E-A9C7-A9384FDA21E5}.Release|Any CPU.Build.0 = Release|Any CPU
		{6A16F5D8-0F45-4B45-86EC-D13B3881C483}.Debug|Any CPU.ActiveCfg = Debug|Any CPU
		{6A16F5D8-0F45-4B45-86EC-D13B3881C483}.Debug|Any CPU.Build.0 = Debug|Any CPU
		{6A16F5D8-0F45-4B45-86EC-D13B3881C483}.Release|Any CPU.ActiveCfg = Release|Any CPU
		{6A16F5D8-0F45-4B45-86EC-D13B3881C483}.Release|Any CPU.Build.0 = Release|Any CPU
		{152C849B-1140-42AC-A756-5CCAAA03E48D}.Debug|Any CPU.ActiveCfg = Debug|Any CPU
		{152C849B-1140-42AC-A756-5CCAAA03E48D}.Debug|Any CPU.Build.0 = Debug|Any CPU
		{152C849B-1140-42AC-A756-5CCAAA03E48D}.Release|Any CPU.ActiveCfg = Release|Any CPU
		{152C849B-1140-42AC-A756-5CCAAA03E48D}.Release|Any CPU.Build.0 = Release|Any CPU
		{AAE1E7EF-D627-48B5-A74B-F407A702A4F9}.Debug|Any CPU.ActiveCfg = Debug|Any CPU
		{AAE1E7EF-D627-48B5-A74B-F407A702A4F9}.Debug|Any CPU.Build.0 = Debug|Any CPU
		{AAE1E7EF-D627-48B5-A74B-F407A702A4F9}.Release|Any CPU.ActiveCfg = Release|Any CPU
		{AAE1E7EF-D627-48B5-A74B-F407A702A4F9}.Release|Any CPU.Build.0 = Release|Any CPU
		{82B657BF-1B3A-4A15-AC49-4DE56362E22C}.Debug|Any CPU.ActiveCfg = Debug|Any CPU
		{82B657BF-1B3A-4A15-AC49-4DE56362E22C}.Debug|Any CPU.Build.0 = Debug|Any CPU
		{82B657BF-1B3A-4A15-AC49-4DE56362E22C}.Release|Any CPU.ActiveCfg = Release|Any CPU
		{82B657BF-1B3A-4A15-AC49-4DE56362E22C}.Release|Any CPU.Build.0 = Release|Any CPU
		{E0B75E1C-1163-446B-B668-50098ADA8FB8}.Debug|Any CPU.ActiveCfg = Debug|Any CPU
		{E0B75E1C-1163-446B-B668-50098ADA8FB8}.Debug|Any CPU.Build.0 = Debug|Any CPU
		{E0B75E1C-1163-446B-B668-50098ADA8FB8}.Release|Any CPU.ActiveCfg = Release|Any CPU
		{E0B75E1C-1163-446B-B668-50098ADA8FB8}.Release|Any CPU.Build.0 = Release|Any CPU
		{9BD18D73-303B-44FE-88E2-D98848993577}.Debug|Any CPU.ActiveCfg = Debug|Any CPU
		{9BD18D73-303B-44FE-88E2-D98848993577}.Debug|Any CPU.Build.0 = Debug|Any CPU
		{9BD18D73-303B-44FE-88E2-D98848993577}.Release|Any CPU.ActiveCfg = Release|Any CPU
		{9BD18D73-303B-44FE-88E2-D98848993577}.Release|Any CPU.Build.0 = Release|Any CPU
		{74DEFA3E-6942-4F9F-893D-8E3EF6461697}.Debug|Any CPU.ActiveCfg = Debug|Any CPU
		{74DEFA3E-6942-4F9F-893D-8E3EF6461697}.Debug|Any CPU.Build.0 = Debug|Any CPU
		{74DEFA3E-6942-4F9F-893D-8E3EF6461697}.Release|Any CPU.ActiveCfg = Release|Any CPU
		{74DEFA3E-6942-4F9F-893D-8E3EF6461697}.Release|Any CPU.Build.0 = Release|Any CPU
		{4E4944CE-6F27-4408-A56D-9E79D28B1D4F}.Debug|Any CPU.ActiveCfg = Debug|Any CPU
		{4E4944CE-6F27-4408-A56D-9E79D28B1D4F}.Debug|Any CPU.Build.0 = Debug|Any CPU
		{4E4944CE-6F27-4408-A56D-9E79D28B1D4F}.Release|Any CPU.ActiveCfg = Release|Any CPU
		{4E4944CE-6F27-4408-A56D-9E79D28B1D4F}.Release|Any CPU.Build.0 = Release|Any CPU
		{086C87EE-096B-429C-865B-C2D230DF06B0}.Debug|Any CPU.ActiveCfg = Debug|Any CPU
		{086C87EE-096B-429C-865B-C2D230DF06B0}.Debug|Any CPU.Build.0 = Debug|Any CPU
		{086C87EE-096B-429C-865B-C2D230DF06B0}.Release|Any CPU.ActiveCfg = Release|Any CPU
		{086C87EE-096B-429C-865B-C2D230DF06B0}.Release|Any CPU.Build.0 = Release|Any CPU
		{4DA1EC42-C485-43FB-9EEB-6C3539F70DCC}.Debug|Any CPU.ActiveCfg = Debug|Any CPU
		{4DA1EC42-C485-43FB-9EEB-6C3539F70DCC}.Debug|Any CPU.Build.0 = Debug|Any CPU
		{4DA1EC42-C485-43FB-9EEB-6C3539F70DCC}.Release|Any CPU.ActiveCfg = Release|Any CPU
		{4DA1EC42-C485-43FB-9EEB-6C3539F70DCC}.Release|Any CPU.Build.0 = Release|Any CPU
		{C5E9B4FF-D2C2-4A65-A1F9-C8F7EAACD8F1}.Debug|Any CPU.ActiveCfg = Debug|Any CPU
		{C5E9B4FF-D2C2-4A65-A1F9-C8F7EAACD8F1}.Debug|Any CPU.Build.0 = Debug|Any CPU
		{C5E9B4FF-D2C2-4A65-A1F9-C8F7EAACD8F1}.Release|Any CPU.ActiveCfg = Release|Any CPU
		{C5E9B4FF-D2C2-4A65-A1F9-C8F7EAACD8F1}.Release|Any CPU.Build.0 = Release|Any CPU
		{CFE7D2B8-DA14-47DB-90BA-FE04B214849C}.Debug|Any CPU.ActiveCfg = Debug|Any CPU
		{CFE7D2B8-DA14-47DB-90BA-FE04B214849C}.Debug|Any CPU.Build.0 = Debug|Any CPU
		{CFE7D2B8-DA14-47DB-90BA-FE04B214849C}.Release|Any CPU.ActiveCfg = Release|Any CPU
		{CFE7D2B8-DA14-47DB-90BA-FE04B214849C}.Release|Any CPU.Build.0 = Release|Any CPU
		{ECE618B5-EEB8-4C53-A7FD-78F0EF743CED}.Debug|Any CPU.ActiveCfg = Debug|Any CPU
		{ECE618B5-EEB8-4C53-A7FD-78F0EF743CED}.Debug|Any CPU.Build.0 = Debug|Any CPU
		{ECE618B5-EEB8-4C53-A7FD-78F0EF743CED}.Release|Any CPU.ActiveCfg = Release|Any CPU
		{ECE618B5-EEB8-4C53-A7FD-78F0EF743CED}.Release|Any CPU.Build.0 = Release|Any CPU
		{980D95BD-687B-4E74-A598-2FA9BE598E90}.Debug|Any CPU.ActiveCfg = Debug|Any CPU
		{980D95BD-687B-4E74-A598-2FA9BE598E90}.Debug|Any CPU.Build.0 = Debug|Any CPU
		{980D95BD-687B-4E74-A598-2FA9BE598E90}.Release|Any CPU.ActiveCfg = Release|Any CPU
		{980D95BD-687B-4E74-A598-2FA9BE598E90}.Release|Any CPU.Build.0 = Release|Any CPU
	EndGlobalSection
	GlobalSection(SolutionProperties) = preSolution
		HideSolutionNode = FALSE
	EndGlobalSection
	GlobalSection(NestedProjects) = preSolution
		{7D32B0CA-98CE-4B0E-A9C7-A9384FDA21E5} = {2D683908-900C-4848-AF70-0CD829FC8EA3}
		{6A16F5D8-0F45-4B45-86EC-D13B3881C483} = {62267839-088C-4B88-B1CE-C408D010925C}
		{152C849B-1140-42AC-A756-5CCAAA03E48D} = {62267839-088C-4B88-B1CE-C408D010925C}
		{AAE1E7EF-D627-48B5-A74B-F407A702A4F9} = {62267839-088C-4B88-B1CE-C408D010925C}
		{82B657BF-1B3A-4A15-AC49-4DE56362E22C} = {62267839-088C-4B88-B1CE-C408D010925C}
		{E0B75E1C-1163-446B-B668-50098ADA8FB8} = {62267839-088C-4B88-B1CE-C408D010925C}
		{9BD18D73-303B-44FE-88E2-D98848993577} = {62267839-088C-4B88-B1CE-C408D010925C}
		{74DEFA3E-6942-4F9F-893D-8E3EF6461697} = {62267839-088C-4B88-B1CE-C408D010925C}
		{4E4944CE-6F27-4408-A56D-9E79D28B1D4F} = {C180DB4D-F03F-4408-859E-B55A333F8453}
		{086C87EE-096B-429C-865B-C2D230DF06B0} = {C180DB4D-F03F-4408-859E-B55A333F8453}
		{4DA1EC42-C485-43FB-9EEB-6C3539F70DCC} = {C180DB4D-F03F-4408-859E-B55A333F8453}
		{C5E9B4FF-D2C2-4A65-A1F9-C8F7EAACD8F1} = {C180DB4D-F03F-4408-859E-B55A333F8453}
		{CFE7D2B8-DA14-47DB-90BA-FE04B214849C} = {C180DB4D-F03F-4408-859E-B55A333F8453}
		{ECE618B5-EEB8-4C53-A7FD-78F0EF743CED} = {C180DB4D-F03F-4408-859E-B55A333F8453}
		{980D95BD-687B-4E74-A598-2FA9BE598E90} = {C180DB4D-F03F-4408-859E-B55A333F8453}
	EndGlobalSection
	GlobalSection(ExtensibilityGlobals) = postSolution
		SolutionGuid = {7E24C14F-6B05-446D-AC6A-CD36EDE2D939}
	EndGlobalSection
EndGlobal
